
Microsoft Visual Studio Solution File, Format Version 12.00
# Visual Studio Version 17
VisualStudioVersion = 17.9.34607.119
MinimumVisualStudioVersion = 10.0.40219.1
Project("{FAE04EC0-301F-11D3-BF4B-00C04F79EFBC}") = "WepApplicationBarberShop", "WepApplicationBarberShop\WepApplicationBarberShop.csproj", "{32CCD78E-8D6A-4025-A81F-D9A734BA3646}"
EndProject
Project("{2150E333-8FDC-42A3-9474-1A3956D46DE8}") = "LIBS", "LIBS", "{C1C51694-C4F6-468D-9D33-5F50F253459B}"
	ProjectSection(SolutionItems) = preProject
		LIBS\LOGGER.dll = LIBS\LOGGER.dll
	EndProjectSection
EndProject
Project("{9A19103F-16F7-4668-BE54-9A1E7A4F7556}") = "CROSS.DATABASE", "CROSS.DATABASE\CROSS.DATABASE.csproj", "{C9FBD4C6-BB90-4D34-A2CC-4B327F8B55F6}"
EndProject
Global
	GlobalSection(SolutionConfigurationPlatforms) = preSolution
		Debug|Any CPU = Debug|Any CPU
		Release|Any CPU = Release|Any CPU
	EndGlobalSection
	GlobalSection(ProjectConfigurationPlatforms) = postSolution
		{32CCD78E-8D6A-4025-A81F-D9A734BA3646}.Debug|Any CPU.ActiveCfg = Debug|Any CPU
		{32CCD78E-8D6A-4025-A81F-D9A734BA3646}.Debug|Any CPU.Build.0 = Debug|Any CPU
		{32CCD78E-8D6A-4025-A81F-D9A734BA3646}.Release|Any CPU.ActiveCfg = Release|Any CPU
		{32CCD78E-8D6A-4025-A81F-D9A734BA3646}.Release|Any CPU.Build.0 = Release|Any CPU
		{C9FBD4C6-BB90-4D34-A2CC-4B327F8B55F6}.Debug|Any CPU.ActiveCfg = Debug|Any CPU
		{C9FBD4C6-BB90-4D34-A2CC-4B327F8B55F6}.Debug|Any CPU.Build.0 = Debug|Any CPU
		{C9FBD4C6-BB90-4D34-A2CC-4B327F8B55F6}.Release|Any CPU.ActiveCfg = Release|Any CPU
		{C9FBD4C6-BB90-4D34-A2CC-4B327F8B55F6}.Release|Any CPU.Build.0 = Release|Any CPU
	EndGlobalSection
	GlobalSection(SolutionProperties) = preSolution
		HideSolutionNode = FALSE
	EndGlobalSection
	GlobalSection(ExtensibilityGlobals) = postSolution
		SolutionGuid = {D077E319-C953-45CC-B165-3B3F4E74B75F}
	EndGlobalSection
EndGlobal
